github.com/HasinduLanka/m3udownloader v0.0.0-20210517192802-b9cd4ee56408 h1:BoTDhM6Ni/8sVBdZ7tcx5U0ZBTq2QV4RmY2VkjJ9fu0=
github.com/HasinduLanka/m3udownloader v0.0.0-20210517192802-b9cd4ee56408/go.mod h1:uv9YcpdpJkzXbXHMTb4viujO4bGmzJ88Uhl3C/8EJ3M=
github.com/HasinduLanka/m3udownloader/m3udownloader v0.0.0-20210517194128-b4d94d62ae51 h1:yZwOWwRAWW4Q1qNhVszPwGNxkGY7xRVfqKAN0CKQdB8=
github.com/HasinduLanka/m3udownloader/m3udownloader v0.0.0-20210517194128-b4d94d62ae51/go.mod h1:Nv+E1X/9EhRqW8G9M3U+gyA6XcclajeWqMO0Oqzi1wE=
